// !$*UTF8*$!
{
	archiveVersion = 1;
	classes = {
	};
	objectVersion = 46;
	objects = {

/* Begin PBXBuildFile section */
		6EBE69AE182067B700FA2F91 /* Foundation.framework in Frameworks */ = {isa = PBXBuildFile; fileRef = 6EBE69AD182067B700FA2F91 /* Foundation.framework */; };
		6EBE69B0182067B700FA2F91 /* CoreGraphics.framework in Frameworks */ = {isa = PBXBuildFile; fileRef = 6EBE69AF182067B700FA2F91 /* CoreGraphics.framework */; };
		6EBE69B2182067B700FA2F91 /* UIKit.framework in Frameworks */ = {isa = PBXBuildFile; fileRef = 6EBE69B1182067B700FA2F91 /* UIKit.framework */; };
		6EBE69B8182067B700FA2F91 /* InfoPlist.strings in Resources */ = {isa = PBXBuildFile; fileRef = 6EBE69B6182067B700FA2F91 /* InfoPlist.strings */; };
		6EBE69BA182067B700FA2F91 /* main.m in Sources */ = {isa = PBXBuildFile; fileRef = 6EBE69B9182067B700FA2F91 /* main.m */; };
		6EBE69BE182067B700FA2F91 /* NSAppDelegate.m in Sources */ = {isa = PBXBuildFile; fileRef = 6EBE69BD182067B700FA2F91 /* NSAppDelegate.m */; };
		6EBE69C0182067B700FA2F91 /* Images.xcassets in Resources */ = {isa = PBXBuildFile; fileRef = 6EBE69BF182067B700FA2F91 /* Images.xcassets */; };
		6EBE69C7182067B700FA2F91 /* XCTest.framework in Frameworks */ = {isa = PBXBuildFile; fileRef = 6EBE69C6182067B700FA2F91 /* XCTest.framework */; };
		6EBE69C8182067B700FA2F91 /* Foundation.framework in Frameworks */ = {isa = PBXBuildFile; fileRef = 6EBE69AD182067B700FA2F91 /* Foundation.framework */; };
		6EBE69C9182067B700FA2F91 /* UIKit.framework in Frameworks */ = {isa = PBXBuildFile; fileRef = 6EBE69B1182067B700FA2F91 /* UIKit.framework */; };
		6EBE69D1182067B700FA2F91 /* InfoPlist.strings in Resources */ = {isa = PBXBuildFile; fileRef = 6EBE69CF182067B700FA2F91 /* InfoPlist.strings */; };
		6EBE69D3182067B700FA2F91 /* BlogReader2Tests.m in Sources */ = {isa = PBXBuildFile; fileRef = 6EBE69D2182067B700FA2F91 /* BlogReader2Tests.m */; };
/* End PBXBuildFile section */

/* Begin PBXContainerItemProxy section */
		6EBE69CA182067B700FA2F91 /* PBXContainerItemProxy */ = {
			isa = PBXContainerItemProxy;
			containerPortal = 6EBE69A2182067B700FA2F91 /* Project object */;
			proxyType = 1;
			remoteGlobalIDString = 6EBE69A9182067B700FA2F91;
			remoteInfo = BlogReader2;
		};
/* End PBXContainerItemProxy section */

/* Begin PBXFileReference section */
		6EBE69AA182067B700FA2F91 /* BlogReader2.app */ = {isa = PBXFileReference; explicitFileType = wrapper.application; includeInIndex = 0; path = BlogReader2.app; sourceTree = BUILT_PRODUCTS_DIR; };
		6EBE69AD182067B700FA2F91 /* Foundation.framework */ = {isa = PBXFileReference; lastKnownFileType = wrapper.framework; name = Foundation.framework; path = System/Library/Frameworks/Foundation.framework; sourceTree = SDKROOT; };
		6EBE69AF182067B700FA2F91 /* CoreGraphics.framework */ = {isa = PBXFileReference; lastKnownFileType = wrapper.framework; name = CoreGraphics.framework; path = System/Library/Frameworks/CoreGraphics.framework; sourceTree = SDKROOT; };
		6EBE69B1182067B700FA2F91 /* UIKit.framework */ = {isa = PBXFileReference; lastKnownFileType = wrapper.framework; name = UIKit.framework; path = System/Library/Frameworks/UIKit.framework; sourceTree = SDKROOT; };
		6EBE69B5182067B700FA2F91 /* BlogReader2-Info.plist */ = {isa = PBXFileReference; lastKnownFileType = text.plist.xml; path = "BlogReader2-Info.plist"; sourceTree = "<group>"; };
		6EBE69B7182067B700FA2F91 /* en */ = {isa = PBXFileReference; lastKnownFileType = text.plist.strings; name = en; path = en.lproj/InfoPlist.strings; sourceTree = "<group>"; };
		6EBE69B9182067B700FA2F91 /* main.m */ = {isa = PBXFileReference; lastKnownFileType = sourcecode.c.objc; path = main.m; sourceTree = "<group>"; };
		6EBE69BB182067B700FA2F91 /* BlogReader2-Prefix.pch */ = {isa = PBXFileReference; lastKnownFileType = sourcecode.c.h; path = "BlogReader2-Prefix.pch"; sourceTree = "<group>"; };
		6EBE69BC182067B700FA2F91 /* NSAppDelegate.h */ = {isa = PBXFileReference; lastKnownFileType = sourcecode.c.h; path = NSAppDelegate.h; sourceTree = "<group>"; };
		6EBE69BD182067B700FA2F91 /* NSAppDelegate.m */ = {isa = PBXFileReference; lastKnownFileType = sourcecode.c.objc; path = NSAppDelegate.m; sourceTree = "<group>"; };
		6EBE69BF182067B700FA2F91 /* Images.xcassets */ = {isa = PBXFileReference; lastKnownFileType = folder.assetcatalog; path = Images.xcassets; sourceTree = "<group>"; };
		6EBE69C5182067B700FA2F91 /* BlogReader2Tests.xctest */ = {isa = PBXFileReference; explicitFileType = wrapper.cfbundle; includeInIndex = 0; path = BlogReader2Tests.xctest; sourceTree = BUILT_PRODUCTS_DIR; };
		6EBE69C6182067B700FA2F91 /* XCTest.framework */ = {isa = PBXFileReference; lastKnownFileType = wrapper.framework; name = XCTest.framework; path = Library/Frameworks/XCTest.framework; sourceTree = DEVELOPER_DIR; };
		6EBE69CE182067B700FA2F91 /* BlogReader2Tests-Info.plist */ = {isa = PBXFileReference; lastKnownFileType = text.plist.xml; path = "BlogReader2Tests-Info.plist"; sourceTree = "<group>"; };
		6EBE69D0182067B700FA2F91 /* en */ = {isa = PBXFileReference; lastKnownFileType = text.plist.strings; name = en; path = en.lproj/InfoPlist.strings; sourceTree = "<group>"; };
		6EBE69D2182067B700FA2F91 /* BlogReader2Tests.m */ = {isa = PBXFileReference; lastKnownFileType = sourcecode.c.objc; path = BlogReader2Tests.m; sourceTree = "<group>"; };
/* End PBXFileReference section */

/* Begin PBXFrameworksBuildPhase section */
		6EBE69A7182067B700FA2F91 /* Frameworks */ = {
			isa = PBXFrameworksBuildPhase;
			buildActionMask = 2147483647;
			files = (
				6EBE69B0182067B700FA2F91 /* CoreGraphics.framework in Frameworks */,
				6EBE69B2182067B700FA2F91 /* UIKit.framework in Frameworks */,
				6EBE69AE182067B700FA2F91 /* Foundation.framework in Frameworks */,
			);
			runOnlyForDeploymentPostprocessing = 0;
		};
		6EBE69C2182067B700FA2F91 /* Frameworks */ = {
			isa = PBXFrameworksBuildPhase;
			buildActionMask = 2147483647;
			files = (
				6EBE69C7182067B700FA2F91 /* XCTest.framework in Frameworks */,
				6EBE69C9182067B700FA2F91 /* UIKit.framework in Frameworks */,
				6EBE69C8182067B700FA2F91 /* Foundation.framework in Frameworks */,
			);
			runOnlyForDeploymentPostprocessing = 0;
		};
/* End PBXFrameworksBuildPhase section */

/* Begin PBXGroup section */
		6EBE69A1182067B700FA2F91 = {
			isa = PBXGroup;
			children = (
				6EBE69B3182067B700FA2F91 /* BlogReader2 */,
				6EBE69CC182067B700FA2F91 /* BlogReader2Tests */,
				6EBE69AC182067B700FA2F91 /* Frameworks */,
				6EBE69AB182067B700FA2F91 /* Products */,
			);
			sourceTree = "<group>";
		};
		6EBE69AB182067B700FA2F91 /* Products */ = {
			isa = PBXGroup;
			children = (
				6EBE69AA182067B700FA2F91 /* BlogReader2.app */,
				6EBE69C5182067B700FA2F91 /* BlogReader2Tests.xctest */,
			);
			name = Products;
			sourceTree = "<group>";
		};
		6EBE69AC182067B700FA2F91 /* Frameworks */ = {
			isa = PBXGroup;
			children = (
				6EBE69AD182067B700FA2F91 /* Foundation.framework */,
				6EBE69AF182067B700FA2F91 /* CoreGraphics.framework */,
				6EBE69B1182067B700FA2F91 /* UIKit.framework */,
				6EBE69C6182067B700FA2F91 /* XCTest.framework */,
			);
			name = Frameworks;
			sourceTree = "<group>";
		};
		6EBE69B3182067B700FA2F91 /* BlogReader2 */ = {
			isa = PBXGroup;
			children = (
				6EBE69BC182067B700FA2F91 /* NSAppDelegate.h */,
				6EBE69BD182067B700FA2F91 /* NSAppDelegate.m */,
				6EBE69BF182067B700FA2F91 /* Images.xcassets */,
				6EBE69B4182067B700FA2F91 /* Supporting Files */,
			);
			path = BlogReader2;
			sourceTree = "<group>";
		};
		6EBE69B4182067B700FA2F91 /* Supporting Files */ = {
			isa = PBXGroup;
			children = (
				6EBE69B5182067B700FA2F91 /* BlogReader2-Info.plist */,
				6EBE69B6182067B700FA2F91 /* InfoPlist.strings */,
				6EBE69B9182067B700FA2F91 /* main.m */,
				6EBE69BB182067B700FA2F91 /* BlogReader2-Prefix.pch */,
			);
			name = "Supporting Files";
			sourceTree = "<group>";
		};
		6EBE69CC182067B700FA2F91 /* BlogReader2Tests */ = {
			isa = PBXGroup;
			children = (
				6EBE69D2182067B700FA2F91 /* BlogReader2Tests.m */,
				6EBE69CD182067B700FA2F91 /* Supporting Files */,
			);
			path = BlogReader2Tests;
			sourceTree = "<group>";
		};
		6EBE69CD182067B700FA2F91 /* Supporting Files */ = {
			isa = PBXGroup;
			children = (
				6EBE69CE182067B700FA2F91 /* BlogReader2Tests-Info.plist */,
				6EBE69CF182067B700FA2F91 /* InfoPlist.strings */,
			);
			name = "Supporting Files";
			sourceTree = "<group>";
		};
/* End PBXGroup section */

/* Begin PBXNativeTarget section */
		6EBE69A9182067B700FA2F91 /* BlogReader2 */ = {
			isa = PBXNativeTarget;
			buildConfigurationList = 6EBE69D6182067B800FA2F91 /* Build configuration list for PBXNativeTarget "BlogReader2" */;
			buildPhases = (
				6EBE69A6182067B700FA2F91 /* Sources */,
				6EBE69A7182067B700FA2F91 /* Frameworks */,
				6EBE69A8182067B700FA2F91 /* Resources */,
			);
			buildRules = (
			);
			dependencies = (
			);
			name = BlogReader2;
			productName = BlogReader2;
			productReference = 6EBE69AA182067B700FA2F91 /* BlogReader2.app */;
			productType = "com.apple.product-type.application";
		};
		6EBE69C4182067B700FA2F91 /* BlogReader2Tests */ = {
			isa = PBXNativeTarget;
			buildConfigurationList = 6EBE69D9182067B800FA2F91 /* Build configuration list for PBXNativeTarget "BlogReader2Tests" */;
			buildPhases = (
				6EBE69C1182067B700FA2F91 /* Sources */,
				6EBE69C2182067B700FA2F91 /* Frameworks */,
				6EBE69C3182067B700FA2F91 /* Resources */,
			);
			buildRules = (
			);
			dependencies = (
				6EBE69CB182067B700FA2F91 /* PBXTargetDependency */,
			);
			name = BlogReader2Tests;
			productName = BlogReader2Tests;
			productReference = 6EBE69C5182067B700FA2F91 /* BlogReader2Tests.xctest */;
			productType = "com.apple.product-type.bundle.unit-test";
		};
/* End PBXNativeTarget section */

/* Begin PBXProject section */
		6EBE69A2182067B700FA2F91 /* Project object */ = {
			isa = PBXProject;
			attributes = {
				CLASSPREFIX = NS;
				LastUpgradeCheck = 0500;
				ORGANIZATIONNAME = Natasha;
				TargetAttributes = {
					6EBE69C4182067B700FA2F91 = {
						TestTargetID = 6EBE69A9182067B700FA2F91;
					};
				};
			};
			buildConfigurationList = 6EBE69A5182067B700FA2F91 /* Build configuration list for PBXProject "BlogReader2" */;
			compatibilityVersion = "Xcode 3.2";
			developmentRegion = English;
			hasScannedForEncodings = 0;
			knownRegions = (
				en,
			);
			mainGroup = 6EBE69A1182067B700FA2F91;
			productRefGroup = 6EBE69AB182067B700FA2F91 /* Products */;
			projectDirPath = "";
			projectRoot = "";
			targets = (
				6EBE69A9182067B700FA2F91 /* BlogReader2 */,
				6EBE69C4182067B700FA2F91 /* BlogReader2Tests */,
			);
		};
/* End PBXProject section */

/* Begin PBXResourcesBuildPhase section */
		6EBE69A8182067B700FA2F91 /* Resources */ = {
			isa = PBXResourcesBuildPhase;
			buildActionMask = 2147483647;
			files = (
				6EBE69B8182067B700FA2F91 /* InfoPlist.strings in Resources */,
				6EBE69C0182067B700FA2F91 /* Images.xcassets in Resources */,
			);
			runOnlyForDeploymentPostprocessing = 0;
		};
		6EBE69C3182067B700FA2F91 /* Resources */ = {
			isa = PBXResourcesBuildPhase;
			buildActionMask = 2147483647;
			files = (
				6EBE69D1182067B700FA2F91 /* InfoPlist.strings in Resources */,
			);
			runOnlyForDeploymentPostprocessing = 0;
		};
/* End PBXResourcesBuildPhase section */

/* Begin PBXSourcesBuildPhase section */
		6EBE69A6182067B700FA2F91 /* Sources */ = {
			isa = PBXSourcesBuildPhase;
			buildActionMask = 2147483647;
			files = (
				6EBE69BA182067B700FA2F91 /* main.m in Sources */,
				6EBE69BE182067B700FA2F91 /* NSAppDelegate.m in Sources */,
			);
			runOnlyForDeploymentPostprocessing = 0;
		};
		6EBE69C1182067B700FA2F91 /* Sources */ = {
			isa = PBXSourcesBuildPhase;
			buildActionMask = 2147483647;
			files = (
				6EBE69D3182067B700FA2F91 /* BlogReader2Tests.m in Sources */,
			);
			runOnlyForDeploymentPostprocessing = 0;
		};
/* End PBXSourcesBuildPhase section */

/* Begin PBXTargetDependency section */
		6EBE69CB182067B700FA2F91 /* PBXTargetDependency */ = {
			isa = PBXTargetDependency;
			target = 6EBE69A9182067B700FA2F91 /* BlogReader2 */;
			targetProxy = 6EBE69CA182067B700FA2F91 /* PBXContainerItemProxy */;
		};
/* End PBXTargetDependency section */

/* Begin PBXVariantGroup section */
		6EBE69B6182067B700FA2F91 /* InfoPlist.strings */ = {
			isa = PBXVariantGroup;
			children = (
				6EBE69B7182067B700FA2F91 /* en */,
			);
			name = InfoPlist.strings;
			sourceTree = "<group>";
		};
		6EBE69CF182067B700FA2F91 /* InfoPlist.strings */ = {
			isa = PBXVariantGroup;
			children = (
				6EBE69D0182067B700FA2F91 /* en */,
			);
			name = InfoPlist.strings;
			sourceTree = "<group>";
		};
/* End PBXVariantGroup section */

/* Begin XCBuildConfiguration section */
		6EBE69D4182067B800FA2F91 /* Debug */ = {
			isa = XCBuildConfiguration;
			buildSettings = {
				ALWAYS_SEARCH_USER_PATHS = NO;
				ARCHS = "$(ARCHS_STANDARD_INCLUDING_64_BIT)";
				CLANG_CXX_LANGUAGE_STANDARD = "gnu++0x";
				CLANG_CXX_LIBRARY = "libc++";
				CLANG_ENABLE_MODULES = YES;
				CLANG_ENABLE_OBJC_ARC = YES;
				CLANG_WARN_BOOL_CONVERSION = YES;
				CLANG_WARN_CONSTANT_CONVERSION = YES;
				CLANG_WARN_DIRECT_OBJC_ISA_USAGE = YES_ERROR;
				CLANG_WARN_EMPTY_BODY = YES;
				CLANG_WARN_ENUM_CONVERSION = YES;
				CLANG_WARN_INT_CONVERSION = YES;
				CLANG_WARN_OBJC_ROOT_CLASS = YES_ERROR;
				CLANG_WARN__DUPLICATE_METHOD_MATCH = YES;
				"CODE_SIGN_IDENTITY[sdk=iphoneos*]" = "iPhone Developer";
				COPY_PHASE_STRIP = NO;
				GCC_C_LANGUAGE_STANDARD = gnu99;
				GCC_DYNAMIC_NO_PIC = NO;
				GCC_OPTIMIZATION_LEVEL = 0;
				GCC_PREPROCESSOR_DEFINITIONS = (
					"DEBUG=1",
					"$(inherited)",
				);
				GCC_SYMBOLS_PRIVATE_EXTERN = NO;
				GCC_WARN_64_TO_32_BIT_CONVERSION = YES;
				GCC_WARN_ABOUT_RETURN_TYPE = YES_ERROR;
				GCC_WARN_UNDECLARED_SELECTOR = YES;
				GCC_WARN_UNINITIALIZED_AUTOS = YES;
				GCC_WARN_UNUSED_FUNCTION = YES;
				GCC_WARN_UNUSED_VARIABLE = YES;
				IPHONEOS_DEPLOYMENT_TARGET = 7.0;
				ONLY_ACTIVE_ARCH = YES;
				SDKROOT = iphoneos;
			};
			name = Debug;
		};
		6EBE69D5182067B800FA2F91 /* Release */ = {
			isa = XCBuildConfiguration;
			buildSettings = {
				ALWAYS_SEARCH_USER_PATHS = NO;
				ARCHS = "$(ARCHS_STANDARD_INCLUDING_64_BIT)";
				CLANG_CXX_LANGUAGE_STANDARD = "gnu++0x";
				CLANG_CXX_LIBRARY = "libc++";
				CLANG_ENABLE_MODULES = YES;
				CLANG_ENABLE_OBJC_ARC = YES;
				CLANG_WARN_BOOL_CONVERSION = YES;
				CLANG_WARN_CONSTANT_CONVERSION = YES;
				CLANG_WARN_DIRECT_OBJC_ISA_USAGE = YES_ERROR;
				CLANG_WARN_EMPTY_BODY = YES;
				CLANG_WARN_ENUM_CONVERSION = YES;
				CLANG_WARN_INT_CONVERSION = YES;
				CLANG_WARN_OBJC_ROOT_CLASS = YES_ERROR;
				CLANG_WARN__DUPLICATE_METHOD_MATCH = YES;
				"CODE_SIGN_IDENTITY[sdk=iphoneos*]" = "iPhone Developer";
				COPY_PHASE_STRIP = YES;
				ENABLE_NS_ASSERTIONS = NO;
				GCC_C_LANGUAGE_STANDARD = gnu99;
				GCC_WARN_64_TO_32_BIT_CONVERSION = YES;
				GCC_WARN_ABOUT_RETURN_TYPE = YES_ERROR;
				GCC_WARN_UNDECLARED_SELECTOR = YES;
				GCC_WARN_UNINITIALIZED_AUTOS = YES;
				GCC_WARN_UNUSED_FUNCTION = YES;
				GCC_WARN_UNUSED_VARIABLE = YES;
				IPHONEOS_DEPLOYMENT_TARGET = 7.0;
				SDKROOT = iphoneos;
				VALIDATE_PRODUCT = YES;
			};
			name = Release;
		};
		6EBE69D7182067B800FA2F91 /* Debug */ = {
			isa = XCBuildConfiguration;
			buildSettings = {
				ASSETCATALOG_COMPILER_APPICON_NAME = AppIcon;
				ASSETCATALOG_COMPILER_LAUNCHIMAGE_NAME = LaunchImage;
				GCC_PRECOMPILE_PREFIX_HEADER = YES;
				GCC_PREFIX_HEADER = "BlogReader2/BlogReader2-Prefix.pch";
				INFOPLIST_FILE = "BlogReader2/BlogReader2-Info.plist";
				PRODUCT_NAME = "$(TARGET_NAME)";
				WRAPPER_EXTENSION = app;
			};
			name = Debug;
		};
		6EBE69D8182067B800FA2F91 /* Release */ = {
			isa = XCBuildConfiguration;
			buildSettings = {
				ASSETCATALOG_COMPILER_APPICON_NAME = AppIcon;
				ASSETCATALOG_COMPILER_LAUNCHIMAGE_NAME = LaunchImage;
				GCC_PRECOMPILE_PREFIX_HEADER = YES;
				GCC_PREFIX_HEADER = "BlogReader2/BlogReader2-Prefix.pch";
				INFOPLIST_FILE = "BlogReader2/BlogReader2-Info.plist";
				PRODUCT_NAME = "$(TARGET_NAME)";
				WRAPPER_EXTENSION = app;
			};
			name = Release;
		};
		6EBE69DA182067B800FA2F91 /* Debug */ = {
			isa = XCBuildConfiguration;
			buildSettings = {
				ARCHS = "$(ARCHS_STANDARD_INCLUDING_64_BIT)";
				BUNDLE_LOADER = "$(BUILT_PRODUCTS_DIR)/BlogReader2.app/BlogReader2";
				FRAMEWORK_SEARCH_PATHS = (
					"$(SDKROOT)/Developer/Library/Frameworks",
					"$(inherited)",
					"$(DEVELOPER_FRAMEWORKS_DIR)",
				);
				GCC_PRECOMPILE_PREFIX_HEADER = YES;
				GCC_PREFIX_HEADER = "BlogReader2/BlogReader2-Prefix.pch";
				GCC_PREPROCESSOR_DEFINITIONS = (
					"DEBUG=1",
					"$(inherited)",
				);
				INFOPLIST_FILE = "BlogReader2Tests/BlogReader2Tests-Info.plist";
				PRODUCT_NAME = "$(TARGET_NAME)";
				TEST_HOST = "$(BUNDLE_LOADER)";
				WRAPPER_EXTENSION = xctest;
			};
			name = Debug;
		};
		6EBE69DB182067B800FA2F91 /* Release */ = {
			isa = XCBuildConfiguration;
			buildSettings = {
				ARCHS = "$(ARCHS_STANDARD_INCLUDING_64_BIT)";
				BUNDLE_LOADER = "$(BUILT_PRODUCTS_DIR)/BlogReader2.app/BlogReader2";
				FRAMEWORK_SEARCH_PATHS = (
					"$(SDKROOT)/Developer/Library/Frameworks",
					"$(inherited)",
					"$(DEVELOPER_FRAMEWORKS_DIR)",
				);
				GCC_PRECOMPILE_PREFIX_HEADER = YES;
				GCC_PREFIX_HEADER = "BlogReader2/BlogReader2-Prefix.pch";
				INFOPLIST_FILE = "BlogReader2Tests/BlogReader2Tests-Info.plist";
				PRODUCT_NAME = "$(TARGET_NAME)";
				TEST_HOST = "$(BUNDLE_LOADER)";
				WRAPPER_EXTENSION = xctest;
			};
			name = Release;
		};
/* End XCBuildConfiguration section */

/* Begin XCConfigurationList section */
		6EBE69A5182067B700FA2F91 /* Build configuration list for PBXProject "BlogReader2" */ = {
			isa = XCConfigurationList;
			buildConfigurations = (
				6EBE69D4182067B800FA2F91 /* Debug */,
				6EBE69D5182067B800FA2F91 /* Release */,
			);
			defaultConfigurationIsVisible = 0;
			defaultConfigurationName = Release;
		};
		6EBE69D6182067B800FA2F91 /* Build configuration list for PBXNativeTarget "BlogReader2" */ = {
			isa = XCConfigurationList;
			buildConfigurations = (
				6EBE69D7182067B800FA2F91 /* Debug */,
				6EBE69D8182067B800FA2F91 /* Release */,
			);
			defaultConfigurationIsVisible = 0;
		};
		6EBE69D9182067B800FA2F91 /* Build configuration list for PBXNativeTarget "BlogReader2Tests" */ = {
			isa = XCConfigurationList;
			buildConfigurations = (
				6EBE69DA182067B800FA2F91 /* Debug */,
				6EBE69DB182067B800FA2F91 /* Release */,
			);
			defaultConfigurationIsVisible = 0;
		};
/* End XCConfigurationList section */
	};
	rootObject = 6EBE69A2182067B700FA2F91 /* Project object */;
}
